
Microsoft Visual Studio Solution File, Format Version 12.00
# Visual Studio Version 17
VisualStudioVersion = 17.8.34330.188
MinimumVisualStudioVersion = 10.0.40219.1
Project("{9A19103F-16F7-4668-BE54-9A1E7A4F7556}") = "WebFileConverter", "WebFileConverter\WebFileConverter.csproj", "{AA89EA85-DF52-4DF2-B6E8-CC167A46F834}"
EndProject
Project("{FAE04EC0-301F-11D3-BF4B-00C04F79EFBC}") = "WebXConverterCli", "WebXConverterCli\WebXConverterCli.csproj", "{9991CE33-9462-4D32-8CB3-7BCFD226036F}"
EndProject
Global
	GlobalSection(SolutionConfigurationPlatforms) = preSolution
		Debug|Any CPU = Debug|Any CPU
		Release|Any CPU = Release|Any CPU
	EndGlobalSection
	GlobalSection(ProjectConfigurationPlatforms) = postSolution
		{AA89EA85-DF52-4DF2-B6E8-CC167A46F834}.Debug|Any CPU.ActiveCfg = Debug|Any CPU
		{AA89EA85-DF52-4DF2-B6E8-CC167A46F834}.Debug|Any CPU.Build.0 = Debug|Any CPU
		{AA89EA85-DF52-4DF2-B6E8-CC167A46F834}.Release|Any CPU.ActiveCfg = Release|Any CPU
		{AA89EA85-DF52-4DF2-B6E8-CC167A46F834}.Release|Any CPU.Build.0 = Release|Any CPU
		{9991CE33-9462-4D32-8CB3-7BCFD226036F}.Debug|Any CPU.ActiveCfg = Debug|Any CPU
		{9991CE33-9462-4D32-8CB3-7BCFD226036F}.Debug|Any CPU.Build.0 = Debug|Any CPU
		{9991CE33-9462-4D32-8CB3-7BCFD226036F}.Release|Any CPU.ActiveCfg = Release|Any CPU
		{9991CE33-9462-4D32-8CB3-7BCFD226036F}.Release|Any CPU.Build.0 = Release|Any CPU
	EndGlobalSection
	GlobalSection(SolutionProperties) = preSolution
		HideSolutionNode = FALSE
	EndGlobalSection
	GlobalSection(ExtensibilityGlobals) = postSolution
		SolutionGuid = {EFA5D6C4-3BE3-4A59-8B0E-FFA74CFBF496}
	EndGlobalSection
EndGlobal
